{
  "version": 4,
  "terraform_version": "1.13.4",
  "serial": 13,
  "lineage": "c86fbe4f-1958-ccba-fb9a-5941e5ab11b0",
  "outputs": {},
  "resources": [
    {
      "mode": "data",
      "type": "aws_ami",
      "name": "main",
      "provider": "provider[\"registry.terraform.io/hashicorp/aws\"]",
      "instances": [
        {
          "schema_version": 0,
          "attributes": {
            "allow_unsafe_filter": null,
            "architecture": "x86_64",
            "arn": "arn:aws:ec2:ap-northeast-2::image/ami-010be25c3775061c9",
            "block_device_mappings": [
              {
                "device_name": "/dev/sda1",
                "ebs": {
                  "delete_on_termination": "true",
                  "encrypted": "false",
                  "iops": "0",
                  "snapshot_id": "snap-0bad9aec71fa3bdcb",
                  "throughput": "0",
                  "volume_initialization_rate": "0",
                  "volume_size": "8",
                  "volume_type": "gp2"
                },
                "no_device": "",
                "virtual_name": ""
              },
              {
                "device_name": "/dev/sdb",
                "ebs": {},
                "no_device": "",
                "virtual_name": "ephemeral0"
              },
              {
                "device_name": "/dev/sdc",
                "ebs": {},
                "no_device": "",
                "virtual_name": "ephemeral1"
              }
            ],
            "boot_mode": "uefi-preferred",
            "creation_date": "2025-10-15T08:05:34.000Z",
            "deprecation_time": "2027-10-15T08:05:34.000Z",
            "description": "Canonical, Ubuntu, 22.04, amd64 jammy image",
            "ena_support": true,
            "executable_users": null,
            "filter": [
              {
                "name": "architecture",
                "values": [
                  "x86_64"
                ]
              },
              {
                "name": "name",
                "values": [
                  "ubuntu/images/hvm-ssd/ubuntu-jammy-22.04-amd64-server-*"
                ]
              },
              {
                "name": "virtualization-type",
                "values": [
                  "hvm"
                ]
              }
            ],
            "hypervisor": "xen",
            "id": "ami-010be25c3775061c9",
            "image_id": "ami-010be25c3775061c9",
            "image_location": "amazon/ubuntu/images/hvm-ssd/ubuntu-jammy-22.04-amd64-server-20251015",
            "image_owner_alias": "amazon",
            "image_type": "machine",
            "imds_support": "",
            "include_deprecated": false,
            "kernel_id": "",
            "last_launched_time": "",
            "most_recent": true,
            "name": "ubuntu/images/hvm-ssd/ubuntu-jammy-22.04-amd64-server-20251015",
            "name_regex": null,
            "owner_id": "099720109477",
            "owners": [
              "099720109477"
            ],
            "platform": "",
            "platform_details": "Linux/UNIX",
            "product_codes": [],
            "public": true,
            "ramdisk_id": "",
            "region": "ap-northeast-2",
            "root_device_name": "/dev/sda1",
            "root_device_type": "ebs",
            "root_snapshot_id": "snap-0bad9aec71fa3bdcb",
            "sriov_net_support": "simple",
            "state": "available",
            "state_reason": {
              "code": "UNSET",
              "message": "UNSET"
            },
            "tags": {},
            "timeouts": null,
            "tpm_support": "",
            "uefi_data": null,
            "usage_operation": "RunInstances",
            "virtualization_type": "hvm"
          },
          "sensitive_attributes": [],
          "identity_schema_version": 0
        }
      ]
    },
    {
      "mode": "managed",
      "type": "aws_eip",
      "name": "main",
      "provider": "provider[\"registry.terraform.io/hashicorp/aws\"]",
      "instances": [
        {
          "schema_version": 0,
          "attributes": {
            "address": null,
            "allocation_id": "eipalloc-0898e0924e8dc5ff4",
            "arn": "arn:aws:ec2:ap-northeast-2:070839874981:elastic-ip/eipalloc-0898e0924e8dc5ff4",
            "associate_with_private_ip": null,
            "association_id": "eipassoc-02c0010ad6bd5f884",
            "carrier_ip": "",
            "customer_owned_ip": "",
            "customer_owned_ipv4_pool": "",
            "domain": "vpc",
            "id": "eipalloc-0898e0924e8dc5ff4",
            "instance": "i-0458c4dcc0931dd91",
            "ipam_pool_id": null,
            "network_border_group": "ap-northeast-2",
            "network_interface": "eni-0ce544720cab6f1d5",
            "private_dns": "ip-10-0-0-250.ap-northeast-2.compute.internal",
            "private_ip": "10.0.0.250",
            "ptr_record": "",
            "public_dns": "ec2-54-116-19-148.ap-northeast-2.compute.amazonaws.com",
            "public_ip": "54.116.19.148",
            "public_ipv4_pool": "amazon",
            "region": "ap-northeast-2",
            "tags": null,
            "tags_all": {},
            "timeouts": null
          },
          "sensitive_attributes": [],
          "identity_schema_version": 0,
          "private": "eyJlMmJmYjczMC1lY2FhLTExZTYtOGY4OC0zNDM2M2JjN2M0YzAiOnsiZGVsZXRlIjoxODAwMDAwMDAwMDAsInJlYWQiOjkwMDAwMDAwMDAwMCwidXBkYXRlIjozMDAwMDAwMDAwMDB9fQ==",
          "dependencies": [
            "aws_instance.main",
            "aws_key_pair.main",
            "aws_security_group.main",
            "aws_subnet.main",
            "aws_vpc.main",
            "data.aws_ami.main",
            "tls_private_key.main"
          ]
        }
      ]
    },
    {
      "mode": "managed",
      "type": "aws_eip_association",
      "name": "main",
      "provider": "provider[\"registry.terraform.io/hashicorp/aws\"]",
      "instances": [
        {
          "schema_version": 0,
          "attributes": {
            "allocation_id": "eipalloc-0898e0924e8dc5ff4",
            "allow_reassociation": null,
            "id": "eipassoc-02c0010ad6bd5f884",
            "instance_id": "i-0458c4dcc0931dd91",
            "network_interface_id": "eni-0ce544720cab6f1d5",
            "private_ip_address": "10.0.0.250",
            "public_ip": "54.116.19.148",
            "region": "ap-northeast-2"
          },
          "sensitive_attributes": [],
          "identity_schema_version": 0,
          "private": "bnVsbA==",
          "dependencies": [
            "aws_eip.main",
            "aws_instance.main",
            "aws_key_pair.main",
            "aws_security_group.main",
            "aws_subnet.main",
            "aws_vpc.main",
            "data.aws_ami.main",
            "tls_private_key.main"
          ]
        }
      ]
    },
    {
      "mode": "managed",
      "type": "aws_instance",
      "name": "main",
      "provider": "provider[\"registry.terraform.io/hashicorp/aws\"]",
      "instances": [
        {
          "schema_version": 2,
          "attributes": {
            "ami": "ami-010be25c3775061c9",
            "arn": "arn:aws:ec2:ap-northeast-2:070839874981:instance/i-0458c4dcc0931dd91",
            "associate_public_ip_address": true,
            "availability_zone": "ap-northeast-2a",
            "capacity_reservation_specification": [
              {
                "capacity_reservation_preference": "open",
                "capacity_reservation_target": []
              }
            ],
            "cpu_options": [
              {
                "amd_sev_snp": "",
                "core_count": 1,
                "threads_per_core": 2
              }
            ],
            "credit_specification": [
              {
                "cpu_credits": "unlimited"
              }
            ],
            "disable_api_stop": false,
            "disable_api_termination": false,
            "ebs_block_device": [],
            "ebs_optimized": false,
            "enable_primary_ipv6": null,
            "enclave_options": [
              {
                "enabled": false
              }
            ],
            "ephemeral_block_device": [],
            "force_destroy": false,
            "get_password_data": false,
            "hibernation": false,
            "host_id": "",
            "host_resource_group_arn": null,
            "iam_instance_profile": "",
            "id": "i-0458c4dcc0931dd91",
            "instance_initiated_shutdown_behavior": "stop",
            "instance_lifecycle": "",
            "instance_market_options": [],
            "instance_state": "running",
            "instance_type": "t3.micro",
            "ipv6_address_count": 0,
            "ipv6_addresses": [],
            "key_name": "Tom",
            "launch_template": [],
            "maintenance_options": [
              {
                "auto_recovery": "default"
              }
            ],
            "metadata_options": [
              {
                "http_endpoint": "enabled",
                "http_protocol_ipv6": "disabled",
                "http_put_response_hop_limit": 1,
                "http_tokens": "optional",
                "instance_metadata_tags": "disabled"
              }
            ],
            "monitoring": false,
            "network_interface": [],
            "outpost_arn": "",
            "password_data": "",
            "placement_group": "",
            "placement_group_id": "",
            "placement_partition_number": 0,
            "primary_network_interface": [
              {
                "delete_on_termination": true,
                "network_interface_id": "eni-0ce544720cab6f1d5"
              }
            ],
            "primary_network_interface_id": "eni-0ce544720cab6f1d5",
            "private_dns": "ip-10-0-0-250.ap-northeast-2.compute.internal",
            "private_dns_name_options": [
              {
                "enable_resource_name_dns_a_record": false,
                "enable_resource_name_dns_aaaa_record": false,
                "hostname_type": "ip-name"
              }
            ],
            "private_ip": "10.0.0.250",
            "public_dns": "ec2-43-203-196-93.ap-northeast-2.compute.amazonaws.com",
            "public_ip": "43.203.196.93",
            "region": "ap-northeast-2",
            "root_block_device": [
              {
                "delete_on_termination": true,
                "device_name": "/dev/sda1",
                "encrypted": false,
                "iops": 100,
                "kms_key_id": "",
                "tags": {},
                "tags_all": {},
                "throughput": 0,
                "volume_id": "vol-019ad335d9fb80c60",
                "volume_size": 8,
                "volume_type": "gp2"
              }
            ],
            "secondary_private_ips": [],
            "security_groups": [],
            "source_dest_check": true,
            "spot_instance_request_id": "",
            "subnet_id": "subnet-08b81a4918d89a8f1",
            "tags": {
              "Name": "Tom-instance"
            },
            "tags_all": {
              "Name": "Tom-instance"
            },
            "tenancy": "default",
            "timeouts": null,
            "user_data": null,
            "user_data_base64": null,
            "user_data_replace_on_change": false,
            "volume_tags": null,
            "vpc_security_group_ids": [
              "sg-03e19c6e10b457d1f"
            ]
          },
          "sensitive_attributes": [],
          "identity_schema_version": 0,
          "identity": {
            "account_id": "070839874981",
            "id": "i-0458c4dcc0931dd91",
            "region": "ap-northeast-2"
          },
          "private": "eyJlMmJmYjczMC1lY2FhLTExZTYtOGY4OC0zNDM2M2JjN2M0YzAiOnsiY3JlYXRlIjo2MDAwMDAwMDAwMDAsImRlbGV0ZSI6MTIwMDAwMDAwMDAwMCwicmVhZCI6OTAwMDAwMDAwMDAwLCJ1cGRhdGUiOjYwMDAwMDAwMDAwMH0sInNjaGVtYV92ZXJzaW9uIjoiMiJ9",
          "dependencies": [
            "aws_key_pair.main",
            "aws_security_group.main",
            "aws_subnet.main",
            "aws_vpc.main",
            "data.aws_ami.main",
            "tls_private_key.main"
          ]
        }
      ]
    },
    {
      "mode": "managed",
      "type": "aws_internet_gateway",
      "name": "main",
      "provider": "provider[\"registry.terraform.io/hashicorp/aws\"]",
      "instances": [
        {
          "schema_version": 0,
          "attributes": {
            "arn": "arn:aws:ec2:ap-northeast-2:070839874981:internet-gateway/igw-03880fe1d70a87e42",
            "id": "igw-03880fe1d70a87e42",
            "owner_id": "070839874981",
            "region": "ap-northeast-2",
            "tags": {
              "Name": "Tom-igw"
            },
            "tags_all": {
              "Name": "Tom-igw"
            },
            "timeouts": null,
            "vpc_id": "vpc-0e7a293a2eb4a3afd"
          },
          "sensitive_attributes": [],
          "identity_schema_version": 0,
          "private": "eyJlMmJmYjczMC1lY2FhLTExZTYtOGY4OC0zNDM2M2JjN2M0YzAiOnsiY3JlYXRlIjoxMjAwMDAwMDAwMDAwLCJkZWxldGUiOjEyMDAwMDAwMDAwMDAsInVwZGF0ZSI6MTIwMDAwMDAwMDAwMH19",
          "dependencies": [
            "aws_vpc.main"
          ]
        }
      ]
    },
    {
      "mode": "managed",
      "type": "aws_key_pair",
      "name": "main",
      "provider": "provider[\"registry.terraform.io/hashicorp/aws\"]",
      "instances": [
        {
          "schema_version": 1,
          "attributes": {
            "arn": "arn:aws:ec2:ap-northeast-2:070839874981:key-pair/Tom",
            "fingerprint": "3b:c2:ab:8e:e9:2e:e3:21:0b:bb:5e:aa:1b:50:ab:73",
            "id": "Tom",
            "key_name": "Tom",
            "key_name_prefix": "",
            "key_pair_id": "key-0f9557e6dad52a252",
            "key_type": "rsa",
            "public_key": "ssh-rsa AAAAB3NzaC1yc2EAAAADAQABAAACAQDLqg3XBxkk8QhoaJx5Bc4mPlP1qcBPyRwiFn8cw7QAtYkR2JFrTyU8U4jIZchRAGlk6kkps6NAI6YQY7zBwmxN/gSCaEwEzyTcN80iH7tm0QupOaDDmg7+zFG49ejEv0zsoqqU94lujEr8c6gkKNLqgVFL/SOgLkMgUjwBP0g4a80kmRyQZHW+GFDf4MFyUMlN9XkamxRVbdsFS/SrHNo60KGYHW5UjkRZ8ZeuNwzuGjFIbJMyY+PTfGCeMhI/XwLUdqIjpzR2xnDhjCZXs6wNJaU248tMgNs2kvlBi90N0kdf8Wp+/h4PDrjs9Gr4N65h99lrya386KU991mymaVHga4TowMn+kk8KCAiZxmmePj4TIcRqeBOXs6D92bQDULFv6QhLapI19pXuVnTYufs5j59vGohqMEBDAOT0qINaeBpEW0kWGL6pz6AHjiPxY34RG0qfpbXOD9afZCfYggrpkbutoMPE5kYT2Dq5g08mEtU+72odLKfKds2pZxGZDOnW6LSS+JiKal4a9d7Uk2iebQAmm+HFcw9O/cBo6O2r0WP+peKVG+K6dg1yZwpdrYpiAVxO/DdWwAIcxMh2q09Yqg4W3axtwF2Aeuy6Z1i5OD4C91fmop5kVE5Yf+zjftXgJUzE8Vk0tCuQmEZhkYg3cVtbQ2C/MrJbjMeVsHLww==",
            "region": "ap-northeast-2",
            "tags": null,
            "tags_all": {}
          },
          "sensitive_attributes": [],
          "identity_schema_version": 0,
          "private": "eyJzY2hlbWFfdmVyc2lvbiI6IjEifQ==",
          "dependencies": [
            "tls_private_key.main"
          ]
        }
      ]
    },
    {
      "mode": "managed",
      "type": "aws_route_table",
      "name": "main",
      "provider": "provider[\"registry.terraform.io/hashicorp/aws\"]",
      "instances": [
        {
          "schema_version": 0,
          "attributes": {
            "arn": "arn:aws:ec2:ap-northeast-2:070839874981:route-table/rtb-086dee82aefcd069b",
            "id": "rtb-086dee82aefcd069b",
            "owner_id": "070839874981",
            "propagating_vgws": [],
            "region": "ap-northeast-2",
            "route": [
              {
                "carrier_gateway_id": "",
                "cidr_block": "0.0.0.0/0",
                "core_network_arn": "",
                "destination_prefix_list_id": "",
                "egress_only_gateway_id": "",
                "gateway_id": "igw-03880fe1d70a87e42",
                "ipv6_cidr_block": "",
                "local_gateway_id": "",
                "nat_gateway_id": "",
                "network_interface_id": "",
                "transit_gateway_id": "",
                "vpc_endpoint_id": "",
                "vpc_peering_connection_id": ""
              }
            ],
            "tags": {
              "Name": "Tom-rtb"
            },
            "tags_all": {
              "Name": "Tom-rtb"
            },
            "timeouts": null,
            "vpc_id": "vpc-0e7a293a2eb4a3afd"
          },
          "sensitive_attributes": [],
          "identity_schema_version": 0,
          "identity": {
            "account_id": "070839874981",
            "id": "rtb-086dee82aefcd069b",
            "region": "ap-northeast-2"
          },
          "private": "eyJlMmJmYjczMC1lY2FhLTExZTYtOGY4OC0zNDM2M2JjN2M0YzAiOnsiY3JlYXRlIjozMDAwMDAwMDAwMDAsImRlbGV0ZSI6MzAwMDAwMDAwMDAwLCJ1cGRhdGUiOjEyMDAwMDAwMDAwMH19",
          "dependencies": [
            "aws_internet_gateway.main",
            "aws_vpc.main"
          ]
        }
      ]
    },
    {
      "mode": "managed",
      "type": "aws_route_table_association",
      "name": "main",
      "provider": "provider[\"registry.terraform.io/hashicorp/aws\"]",
      "instances": [
        {
          "schema_version": 0,
          "attributes": {
            "gateway_id": "",
            "id": "rtbassoc-08870382b6f25b9f0",
            "region": "ap-northeast-2",
            "route_table_id": "rtb-086dee82aefcd069b",
            "subnet_id": "subnet-08b81a4918d89a8f1",
            "timeouts": null
          },
          "sensitive_attributes": [],
          "identity_schema_version": 0,
          "private": "eyJlMmJmYjczMC1lY2FhLTExZTYtOGY4OC0zNDM2M2JjN2M0YzAiOnsiY3JlYXRlIjozMDAwMDAwMDAwMDAsImRlbGV0ZSI6MzAwMDAwMDAwMDAwLCJ1cGRhdGUiOjEyMDAwMDAwMDAwMH19",
          "dependencies": [
            "aws_internet_gateway.main",
            "aws_route_table.main",
            "aws_subnet.main",
            "aws_vpc.main"
          ]
        }
      ]
    },
    {
      "mode": "managed",
      "type": "aws_security_group",
      "name": "main",
      "provider": "provider[\"registry.terraform.io/hashicorp/aws\"]",
      "instances": [
        {
          "schema_version": 1,
          "attributes": {
            "arn": "arn:aws:ec2:ap-northeast-2:070839874981:security-group/sg-03e19c6e10b457d1f",
            "description": "Managed by Terraform",
            "egress": [
              {
                "cidr_blocks": [
                  "0.0.0.0/0"
                ],
                "description": "",
                "from_port": 0,
                "ipv6_cidr_blocks": [],
                "prefix_list_ids": [],
                "protocol": "-1",
                "security_groups": [],
                "self": false,
                "to_port": 0
              }
            ],
            "id": "sg-03e19c6e10b457d1f",
            "ingress": [
              {
                "cidr_blocks": [
                  "0.0.0.0/0"
                ],
                "description": "",
                "from_port": 0,
                "ipv6_cidr_blocks": [],
                "prefix_list_ids": [],
                "protocol": "-1",
                "security_groups": [],
                "self": false,
                "to_port": 0
              }
            ],
            "name": "Tom-security-group",
            "name_prefix": "",
            "owner_id": "070839874981",
            "region": "ap-northeast-2",
            "revoke_rules_on_delete": false,
            "tags": {
              "Name": "Tom-security-group"
            },
            "tags_all": {
              "Name": "Tom-security-group"
            },
            "timeouts": null,
            "vpc_id": "vpc-0e7a293a2eb4a3afd"
          },
          "sensitive_attributes": [],
          "identity_schema_version": 0,
          "identity": {
            "account_id": "070839874981",
            "id": "sg-03e19c6e10b457d1f",
            "region": "ap-northeast-2"
          },
          "private": "eyJlMmJmYjczMC1lY2FhLTExZTYtOGY4OC0zNDM2M2JjN2M0YzAiOnsiY3JlYXRlIjo2MDAwMDAwMDAwMDAsImRlbGV0ZSI6OTAwMDAwMDAwMDAwfSwic2NoZW1hX3ZlcnNpb24iOiIxIn0=",
          "dependencies": [
            "aws_vpc.main"
          ]
        }
      ]
    },
    {
      "mode": "managed",
      "type": "aws_subnet",
      "name": "main",
      "provider": "provider[\"registry.terraform.io/hashicorp/aws\"]",
      "instances": [
        {
          "schema_version": 1,
          "attributes": {
            "arn": "arn:aws:ec2:ap-northeast-2:070839874981:subnet/subnet-08b81a4918d89a8f1",
            "assign_ipv6_address_on_creation": false,
            "availability_zone": "ap-northeast-2a",
            "availability_zone_id": "apne2-az1",
            "cidr_block": "10.0.0.0/24",
            "customer_owned_ipv4_pool": "",
            "enable_dns64": false,
            "enable_lni_at_device_index": 0,
            "enable_resource_name_dns_a_record_on_launch": false,
            "enable_resource_name_dns_aaaa_record_on_launch": false,
            "id": "subnet-08b81a4918d89a8f1",
            "ipv6_cidr_block": "",
            "ipv6_cidr_block_association_id": "",
            "ipv6_native": false,
            "map_customer_owned_ip_on_launch": false,
            "map_public_ip_on_launch": false,
            "outpost_arn": "",
            "owner_id": "070839874981",
            "private_dns_hostname_type_on_launch": "ip-name",
            "region": "ap-northeast-2",
            "tags": {
              "Name": "Tom-subnet"
            },
            "tags_all": {
              "Name": "Tom-subnet"
            },
            "timeouts": null,
            "vpc_id": "vpc-0e7a293a2eb4a3afd"
          },
          "sensitive_attributes": [],
          "identity_schema_version": 0,
          "identity": {
            "account_id": "070839874981",
            "id": "subnet-08b81a4918d89a8f1",
            "region": "ap-northeast-2"
          },
          "private": "eyJlMmJmYjczMC1lY2FhLTExZTYtOGY4OC0zNDM2M2JjN2M0YzAiOnsiY3JlYXRlIjo2MDAwMDAwMDAwMDAsImRlbGV0ZSI6MTIwMDAwMDAwMDAwMH0sInNjaGVtYV92ZXJzaW9uIjoiMSJ9",
          "dependencies": [
            "aws_vpc.main"
          ]
        }
      ]
    },
    {
      "mode": "managed",
      "type": "aws_vpc",
      "name": "main",
      "provider": "provider[\"registry.terraform.io/hashicorp/aws\"]",
      "instances": [
        {
          "schema_version": 1,
          "attributes": {
            "arn": "arn:aws:ec2:ap-northeast-2:070839874981:vpc/vpc-0e7a293a2eb4a3afd",
            "assign_generated_ipv6_cidr_block": false,
            "cidr_block": "10.0.0.0/16",
            "default_network_acl_id": "acl-0969a2965d6c08065",
            "default_route_table_id": "rtb-002cac1dc5789a17b",
            "default_security_group_id": "sg-023751da3d308632d",
            "dhcp_options_id": "dopt-dc2fb5b7",
            "enable_dns_hostnames": true,
            "enable_dns_support": true,
            "enable_network_address_usage_metrics": false,
            "id": "vpc-0e7a293a2eb4a3afd",
            "instance_tenancy": "default",
            "ipv4_ipam_pool_id": null,
            "ipv4_netmask_length": null,
            "ipv6_association_id": "",
            "ipv6_cidr_block": "",
            "ipv6_cidr_block_network_border_group": "",
            "ipv6_ipam_pool_id": "",
            "ipv6_netmask_length": 0,
            "main_route_table_id": "rtb-002cac1dc5789a17b",
            "owner_id": "070839874981",
            "region": "ap-northeast-2",
            "tags": {
              "Name": "Tom-vpc"
            },
            "tags_all": {
              "Name": "Tom-vpc"
            }
          },
          "sensitive_attributes": [],
          "identity_schema_version": 0,
          "identity": {
            "account_id": "070839874981",
            "id": "vpc-0e7a293a2eb4a3afd",
            "region": "ap-northeast-2"
          },
          "private": "eyJzY2hlbWFfdmVyc2lvbiI6IjEifQ=="
        }
      ]
    },
    {
      "mode": "managed",
      "type": "local_file",
      "name": "main",
      "provider": "provider[\"registry.terraform.io/hashicorp/local\"]",
      "instances": [
        {
          "schema_version": 0,
          "attributes": {
            "content": "-----BEGIN RSA PRIVATE KEY-----\nMIIJKQIBAAKCAgEAy6oN1wcZJPEIaGiceQXOJj5T9anAT8kcIhZ/HMO0ALWJEdiR\na08lPFOIyGXIUQBpZOpJKbOjQCOmEGO8wcJsTf4EgmhMBM8k3DfNIh+7ZtELqTmg\nw5oO/sxRuPXoxL9M7KKqlPeJboxK/HOoJCjS6oFRS/0joC5DIFI8AT9IOGvNJJkc\nkGR1vhhQ3+DBclDJTfV5GpsUVW3bBUv0qxzaOtChmB1uVI5EWfGXrjcM7hoxSGyT\nMmPj03xgnjISP18C1HaiI6c0dsZw4YwmV7OsDSWlNuPLTIDbNpL5QYvdDdJHX/Fq\nfv4eDw647PRq+DeuYffZa8mt/OilPfdZspmlR4GuE6MDJ/pJPCggImcZpnj4+EyH\nEangTl7Og/dm0A1Cxb+kIS2qSNfaV7lZ02Ln7OY+fbxqIajBAQwDk9KiDWngaRFt\nJFhi+qc+gB44j8WN+ERtKn6W1zg/Wn2Qn2IIK6ZG7raDDxOZGE9g6uYNPJhLVPu9\nqHSynynbNqWcRmQzp1ui0kviYimpeGvXe1JNonm0AJpvhxXMPTv3AaOjtq9Fj/qX\nilRviunYNcmcKXa2KYgFcTvw3VsACHMTIdqtPWKoOFt2sbcBdgHrsumdYuTg+Avd\nX5qKeZFROWH/s437V4CVMxPFZNLQrkJhGYZGIN3FbW0NgvzKyW4zHlbBy8MCAwEA\nAQKCAgAJp2FpkGYSOLSn0lGccPiBGpI7QlUh0wwY140l7WbiY7iAFo5qEkHXFrSU\nnzJ8GHNme66FIgU6fJYaD8g6PP+KQOCw18XGspTyNVjtZaip6n3NgzRKIUrVrBSx\nmkJy1QiN7PX+Aq/KhC7nwYm2URMSV5flbLXcGWVIKm26t2eyePWr5vASLhjgrmFj\nA1HYG9k270xSxQgVNpRbr2qFE+SKRipqvfZlXqsBwnBoqyZbQPWWE8N0b4S0mSAx\nT3lK9LN7I7ZyzzGu8aAXKOAGZzdgFik7LVgNI8yATT4wa7NKPO3yL8zXAS+mkhGU\n9c7+PhFvhmKRd+ld5B81DTz8uMi7QckJhfLcu9S6JPDoUOoqQ+G4p6MhfIQQZFeJ\nJ1Fd/MIYgvjbHrPqCjojDKjIZEtEClfk5DDOqsKbkwBUPIvqYAZky9EE7lKgT/XY\nJAeFOrfNEG7uVzNK+Pc9Xw19rTk4pLPVnNeobG6eefK9iAmYTTURU6rqNrlqRn2V\ngOmhwCtcco1qub09lwBBtB9rcTyLFL1T6u4YXqUgBw2zhBmC6O0SHXEkrD7N8C2P\n4UMvHtWyKV4E42AGk2T7zcWvENBggrjtFigq2sM+Rnb4SOh8ARYSMVYUj6tLXEHm\nb1Xu2GaRuVrBCtZhICqT4z2vFnTMLXqBZx7hUHDCWPbYcA/DVQKCAQEA9KX5+f6z\noCviSn630jPjq1KKVlzojcV4JyJ1rwAamLu9enQS+frGrgZxPxeWVIr61YJIWyj6\nQ9W04F8JLu79p9U++XkWtnZx55wsvRN1dUg0xTle6t6tXugLPGmwP/eij2VOelgy\nnosVct012K1yHY/1tEVZxrFHe2gkUJ+wQQ5M+E262peWssry88FVhlqFwn09LMA4\nmlAve0gWBGABTd/oQq6TXBx2sqJHiEEOX2Mv0h7HmvtKQ3beaJBuV/M3RjoY3mEu\nlad8I0PEyv4Qaf9X6k/PPOIwsOSBRdhdvt88/Fioc8G1+T5Txjyz+UAJr4CK8Apu\nqdl/8ygjaH3vvQKCAQEA1R1A7cFG7eqW/56X4SBWjobdQ9oMymSui7vrb7VCcdel\napyeyBlsen2OJzSYhcJSJNkdRMQnJDTRqYdZflChv5cmHuQLtX25xiwvit8I5+aE\npD67nsrQiexwpZPRM4sgzvt53A68+FOxzsaVOExbHxrr2Pt4HpBR9j0DNd3Vuzhr\nvfN04VQUaqTxT0jSt3j1Ivg+e7v5AXBg+EorywVTMlgDZWYCWfrOFoky9OrVs7/W\nJXdkFdIaH7B02KeiH24O66Zh0fF1NYiIirQQk37m5AcOkLLcp6vofxRcs0JkKWUG\nNZR6q+3D+9YrsTT5izhjtwKD1R+4s4S7bqpyjaqhfwKCAQEA0CanmVxr2Et+LYPD\nQsWDX7DKotBJzNXGdQWMu2iLOIgDnrxDqQ0FHeu9TsDy1tuoryA6D9W9mRmq23wA\nhD4y8ykse3XbLUN5hmYKapSzyyW0QFmfuJXdTHKBnNUPcF1xoi+/pbiE2P/dL+2m\ncsSf4ycpFkgrKjKLbyQcQbycab2RH3KDGJkBTv392AcWjUlXpTKJahniDulKfMnI\ncdB9S5TGOHXwSt6s3y/TTMqNP/tUJKKrkeFcPipU8QJx38K/tLCZmBt3Vz05EYgH\nV+7yaD0ov+NHn7WTV+4TTynYGR429T05lcOq4HV3MaNUPS2PEBN+It29aiX0Bx6P\ngcgkwQKCAQA95SMoakwJaWq1jwAZeGTrPCwjOr8gQSGYn9l/Niu4GKOIVTigcRHa\neYDBzjrGDmwBG7WudTHRCC4kiJTrZMu1c1a0/hKQgZVlAwxDzwctIvw/H6EqO0lZ\n5XvJ+yZ1S+EZfFwmF3m2vcgUgARyt2p3nEAHYvG+HrhPReUazfT3TSmtn3nAv8S2\nPHWBS2s3sj+wCl1LXoqxakwfkJsreb5yDrHdz0S7kWYtkWdlTpcGf57YftZop/7C\nWWN2USl662IV+trKONCL3b2aWzW9QMwaShpm2CvR3tHFpspNneitRRQKl7cRHBsh\nl1BVRUd8scH0MxzK102zhcdSGtruXjJNAoIBAQDtidlBiptWnX6lmGYxUC/GMrTJ\nhJX3Ko8pgDDVipilkOKYf1lCns+C6aeJS4gos3MpC7or+SAw3IPMrB496g/T4Hi6\n8OaQIEbFHgFaKkHDFWGLAztOlodup/UpYPpgaziZ8F2eyHCHPM5CodoPh5iAWCt8\n2ijSS8R8/fJtayOrrIEw4sIWC9PPWP1fN2OEn0JF8zYjvAJqQ/MOfHtjLxLZhFw1\nFoQ1a2vee/JJk8fEyzRpUA9PXIm4kAazyzmS7H1MFieyVIiAHty5xEr0Lm2Q4K/8\ncAEUNbdaaeXrFcP8582RHhk6VZWy0ha/7tdz0dzx1MYQNd0uE1k69X63zDT1\n-----END RSA PRIVATE KEY-----\n",
            "content_base64": null,
            "content_base64sha256": "he1OpKrmO7QwTmlB2QRvIaO4WotrndPUCO2uwye12ac=",
            "content_base64sha512": "gr63E9ZL5ysf7GFCIFqS8DD4EOoK6lGpXYRsaXEDFxNi6WVKV2ngi3MPs8KgZtB8osD5tYaXKjvq6X7jaPqtvw==",
            "content_md5": "fdf2aa9477b0076929a16f2665862033",
            "content_sha1": "c8a29e29f26d320e2ab92aeef6adbc1841e42c68",
            "content_sha256": "85ed4ea4aae63bb4304e6941d9046f21a3b85a8b6b9dd3d408edaec327b5d9a7",
            "content_sha512": "82beb713d64be72b1fec6142205a92f030f810ea0aea51a95d846c697103171362e9654a5769e08b730fb3c2a066d07ca2c0f9b586972a3beae97ee368faadbf",
            "directory_permission": "0777",
            "file_permission": "0400",
            "filename": "./Tom.pem",
            "id": "c8a29e29f26d320e2ab92aeef6adbc1841e42c68",
            "sensitive_content": null,
            "source": null
          },
          "sensitive_attributes": [
            [
              {
                "type": "get_attr",
                "value": "content"
              }
            ],
            [
              {
                "type": "get_attr",
                "value": "sensitive_content"
              }
            ]
          ],
          "identity_schema_version": 0,
          "dependencies": [
            "tls_private_key.main"
          ]
        }
      ]
    },
    {
      "mode": "managed",
      "type": "tls_private_key",
      "name": "main",
      "provider": "provider[\"registry.terraform.io/hashicorp/tls\"]",
      "instances": [
        {
          "schema_version": 1,
          "attributes": {
            "algorithm": "RSA",
            "ecdsa_curve": "P224",
            "id": "da9ab38ebfdf63ef06c0509a8c4bb4a5f44a7305",
            "private_key_openssh": "-----BEGIN OPENSSH PRIVATE KEY-----\nb3BlbnNzaC1rZXktdjEAAAAABG5vbmUAAAAEbm9uZQAAAAAAAAABAAACFwAAAAdz\nc2gtcnNhAAAAAwEAAQAAAgEAy6oN1wcZJPEIaGiceQXOJj5T9anAT8kcIhZ/HMO0\nALWJEdiRa08lPFOIyGXIUQBpZOpJKbOjQCOmEGO8wcJsTf4EgmhMBM8k3DfNIh+7\nZtELqTmgw5oO/sxRuPXoxL9M7KKqlPeJboxK/HOoJCjS6oFRS/0joC5DIFI8AT9I\nOGvNJJkckGR1vhhQ3+DBclDJTfV5GpsUVW3bBUv0qxzaOtChmB1uVI5EWfGXrjcM\n7hoxSGyTMmPj03xgnjISP18C1HaiI6c0dsZw4YwmV7OsDSWlNuPLTIDbNpL5QYvd\nDdJHX/Fqfv4eDw647PRq+DeuYffZa8mt/OilPfdZspmlR4GuE6MDJ/pJPCggImcZ\npnj4+EyHEangTl7Og/dm0A1Cxb+kIS2qSNfaV7lZ02Ln7OY+fbxqIajBAQwDk9Ki\nDWngaRFtJFhi+qc+gB44j8WN+ERtKn6W1zg/Wn2Qn2IIK6ZG7raDDxOZGE9g6uYN\nPJhLVPu9qHSynynbNqWcRmQzp1ui0kviYimpeGvXe1JNonm0AJpvhxXMPTv3AaOj\ntq9Fj/qXilRviunYNcmcKXa2KYgFcTvw3VsACHMTIdqtPWKoOFt2sbcBdgHrsumd\nYuTg+AvdX5qKeZFROWH/s437V4CVMxPFZNLQrkJhGYZGIN3FbW0NgvzKyW4zHlbB\ny8MAAAc4juzwBY7s8AUAAAAHc3NoLXJzYQAAAgEAy6oN1wcZJPEIaGiceQXOJj5T\n9anAT8kcIhZ/HMO0ALWJEdiRa08lPFOIyGXIUQBpZOpJKbOjQCOmEGO8wcJsTf4E\ngmhMBM8k3DfNIh+7ZtELqTmgw5oO/sxRuPXoxL9M7KKqlPeJboxK/HOoJCjS6oFR\nS/0joC5DIFI8AT9IOGvNJJkckGR1vhhQ3+DBclDJTfV5GpsUVW3bBUv0qxzaOtCh\nmB1uVI5EWfGXrjcM7hoxSGyTMmPj03xgnjISP18C1HaiI6c0dsZw4YwmV7OsDSWl\nNuPLTIDbNpL5QYvdDdJHX/Fqfv4eDw647PRq+DeuYffZa8mt/OilPfdZspmlR4Gu\nE6MDJ/pJPCggImcZpnj4+EyHEangTl7Og/dm0A1Cxb+kIS2qSNfaV7lZ02Ln7OY+\nfbxqIajBAQwDk9KiDWngaRFtJFhi+qc+gB44j8WN+ERtKn6W1zg/Wn2Qn2IIK6ZG\n7raDDxOZGE9g6uYNPJhLVPu9qHSynynbNqWcRmQzp1ui0kviYimpeGvXe1JNonm0\nAJpvhxXMPTv3AaOjtq9Fj/qXilRviunYNcmcKXa2KYgFcTvw3VsACHMTIdqtPWKo\nOFt2sbcBdgHrsumdYuTg+AvdX5qKeZFROWH/s437V4CVMxPFZNLQrkJhGYZGIN3F\nbW0NgvzKyW4zHlbBy8MAAAADAQABAAACAAmnYWmQZhI4tKfSUZxw+IEakjtCVSHT\nDBjXjSXtZuJjuIAWjmoSQdcWtJSfMnwYc2Z7roUiBTp8lhoPyDo8/4pA4LDXxcay\nlPI1WO1lqKnqfc2DNEohStWsFLGaQnLVCI3s9f4Cr8qELufBibZRExJXl+VstdwZ\nZUgqbbq3Z7J49avm8BIuGOCuYWMDUdgb2TbvTFLFCBU2lFuvaoUT5IpGKmq99mVe\nqwHCcGirJltA9ZYTw3RvhLSZIDFPeUr0s3sjtnLPMa7xoBco4AZnN2AWKTstWA0j\nzIBNPjBrs0o87fIvzNcBL6aSEZT1zv4+EW+GYpF36V3kHzUNPPy4yLtByQmF8ty7\n1Lok8OhQ6ipD4binoyF8hBBkV4knUV38whiC+Nses+oKOiMMqMhkS0QKV+TkMM6q\nwpuTAFQ8i+pgBmTL0QTuUqBP9dgkB4U6t80Qbu5XM0r49z1fDX2tOTiks9Wc16hs\nbp558r2ICZhNNRFTquo2uWpGfZWA6aHAK1xyjWq5vT2XAEG0H2txPIsUvVPq7hhe\npSAHDbOEGYLo7RIdcSSsPs3wLY/hQy8e1bIpXgTjYAaTZPvNxa8Q0GCCuO0WKCra\nwz5GdvhI6HwBFhIxVhSPq0tcQeZvVe7YZpG5WsEK1mEgKpPjPa8WdMwteoFnHuFQ\ncMJY9thwD8NVAAABAQDtidlBiptWnX6lmGYxUC/GMrTJhJX3Ko8pgDDVipilkOKY\nf1lCns+C6aeJS4gos3MpC7or+SAw3IPMrB496g/T4Hi68OaQIEbFHgFaKkHDFWGL\nAztOlodup/UpYPpgaziZ8F2eyHCHPM5CodoPh5iAWCt82ijSS8R8/fJtayOrrIEw\n4sIWC9PPWP1fN2OEn0JF8zYjvAJqQ/MOfHtjLxLZhFw1FoQ1a2vee/JJk8fEyzRp\nUA9PXIm4kAazyzmS7H1MFieyVIiAHty5xEr0Lm2Q4K/8cAEUNbdaaeXrFcP8582R\nHhk6VZWy0ha/7tdz0dzx1MYQNd0uE1k69X63zDT1AAABAQD0pfn5/rOgK+JKfrfS\nM+OrUopWXOiNxXgnInWvABqYu716dBL5+sauBnE/F5ZUivrVgkhbKPpD1bTgXwku\n7v2n1T75eRa2dnHnnCy9E3V1SDTFOV7q3q1e6As8abA/96KPZU56WDKeixVy3TXY\nrXIdj/W0RVnGsUd7aCRQn7BBDkz4Tbral5ayyvLzwVWGWoXCfT0swDiaUC97SBYE\nYAFN3+hCrpNcHHayokeIQQ5fYy/SHsea+0pDdt5okG5X8zdGOhjeYS6Vp3wjQ8TK\n/hBp/1fqT8884jCw5IFF2F2+3zz8WKhzwbX5PlPGPLP5QAmvgIrwCm6p2X/zKCNo\nfe+9AAABAQDVHUDtwUbt6pb/npfhIFaOht1D2gzKZK6Lu+tvtUJx16VqnJ7IGWx6\nfY4nNJiFwlIk2R1ExCckNNGph1l+UKG/lyYe5Au1fbnGLC+K3wjn5oSkPrueytCJ\n7HClk9EziyDO+3ncDrz4U7HOxpU4TFsfGuvY+3gekFH2PQM13dW7OGu983ThVBRq\npPFPSNK3ePUi+D57u/kBcGD4SivLBVMyWANlZgJZ+s4WiTL06tWzv9Yld2QV0hof\nsHTYp6Ifbg7rpmHR8XU1iIiKtBCTfubkBw6Qstynq+h/FFyzQmQpZQY1lHqr7cP7\n1iuxNPmLOGO3AoPVH7izhLtuqnKNqqF/AAAAAAEC\n-----END OPENSSH PRIVATE KEY-----\n",
            "private_key_pem": "-----BEGIN RSA PRIVATE KEY-----\nMIIJKQIBAAKCAgEAy6oN1wcZJPEIaGiceQXOJj5T9anAT8kcIhZ/HMO0ALWJEdiR\na08lPFOIyGXIUQBpZOpJKbOjQCOmEGO8wcJsTf4EgmhMBM8k3DfNIh+7ZtELqTmg\nw5oO/sxRuPXoxL9M7KKqlPeJboxK/HOoJCjS6oFRS/0joC5DIFI8AT9IOGvNJJkc\nkGR1vhhQ3+DBclDJTfV5GpsUVW3bBUv0qxzaOtChmB1uVI5EWfGXrjcM7hoxSGyT\nMmPj03xgnjISP18C1HaiI6c0dsZw4YwmV7OsDSWlNuPLTIDbNpL5QYvdDdJHX/Fq\nfv4eDw647PRq+DeuYffZa8mt/OilPfdZspmlR4GuE6MDJ/pJPCggImcZpnj4+EyH\nEangTl7Og/dm0A1Cxb+kIS2qSNfaV7lZ02Ln7OY+fbxqIajBAQwDk9KiDWngaRFt\nJFhi+qc+gB44j8WN+ERtKn6W1zg/Wn2Qn2IIK6ZG7raDDxOZGE9g6uYNPJhLVPu9\nqHSynynbNqWcRmQzp1ui0kviYimpeGvXe1JNonm0AJpvhxXMPTv3AaOjtq9Fj/qX\nilRviunYNcmcKXa2KYgFcTvw3VsACHMTIdqtPWKoOFt2sbcBdgHrsumdYuTg+Avd\nX5qKeZFROWH/s437V4CVMxPFZNLQrkJhGYZGIN3FbW0NgvzKyW4zHlbBy8MCAwEA\nAQKCAgAJp2FpkGYSOLSn0lGccPiBGpI7QlUh0wwY140l7WbiY7iAFo5qEkHXFrSU\nnzJ8GHNme66FIgU6fJYaD8g6PP+KQOCw18XGspTyNVjtZaip6n3NgzRKIUrVrBSx\nmkJy1QiN7PX+Aq/KhC7nwYm2URMSV5flbLXcGWVIKm26t2eyePWr5vASLhjgrmFj\nA1HYG9k270xSxQgVNpRbr2qFE+SKRipqvfZlXqsBwnBoqyZbQPWWE8N0b4S0mSAx\nT3lK9LN7I7ZyzzGu8aAXKOAGZzdgFik7LVgNI8yATT4wa7NKPO3yL8zXAS+mkhGU\n9c7+PhFvhmKRd+ld5B81DTz8uMi7QckJhfLcu9S6JPDoUOoqQ+G4p6MhfIQQZFeJ\nJ1Fd/MIYgvjbHrPqCjojDKjIZEtEClfk5DDOqsKbkwBUPIvqYAZky9EE7lKgT/XY\nJAeFOrfNEG7uVzNK+Pc9Xw19rTk4pLPVnNeobG6eefK9iAmYTTURU6rqNrlqRn2V\ngOmhwCtcco1qub09lwBBtB9rcTyLFL1T6u4YXqUgBw2zhBmC6O0SHXEkrD7N8C2P\n4UMvHtWyKV4E42AGk2T7zcWvENBggrjtFigq2sM+Rnb4SOh8ARYSMVYUj6tLXEHm\nb1Xu2GaRuVrBCtZhICqT4z2vFnTMLXqBZx7hUHDCWPbYcA/DVQKCAQEA9KX5+f6z\noCviSn630jPjq1KKVlzojcV4JyJ1rwAamLu9enQS+frGrgZxPxeWVIr61YJIWyj6\nQ9W04F8JLu79p9U++XkWtnZx55wsvRN1dUg0xTle6t6tXugLPGmwP/eij2VOelgy\nnosVct012K1yHY/1tEVZxrFHe2gkUJ+wQQ5M+E262peWssry88FVhlqFwn09LMA4\nmlAve0gWBGABTd/oQq6TXBx2sqJHiEEOX2Mv0h7HmvtKQ3beaJBuV/M3RjoY3mEu\nlad8I0PEyv4Qaf9X6k/PPOIwsOSBRdhdvt88/Fioc8G1+T5Txjyz+UAJr4CK8Apu\nqdl/8ygjaH3vvQKCAQEA1R1A7cFG7eqW/56X4SBWjobdQ9oMymSui7vrb7VCcdel\napyeyBlsen2OJzSYhcJSJNkdRMQnJDTRqYdZflChv5cmHuQLtX25xiwvit8I5+aE\npD67nsrQiexwpZPRM4sgzvt53A68+FOxzsaVOExbHxrr2Pt4HpBR9j0DNd3Vuzhr\nvfN04VQUaqTxT0jSt3j1Ivg+e7v5AXBg+EorywVTMlgDZWYCWfrOFoky9OrVs7/W\nJXdkFdIaH7B02KeiH24O66Zh0fF1NYiIirQQk37m5AcOkLLcp6vofxRcs0JkKWUG\nNZR6q+3D+9YrsTT5izhjtwKD1R+4s4S7bqpyjaqhfwKCAQEA0CanmVxr2Et+LYPD\nQsWDX7DKotBJzNXGdQWMu2iLOIgDnrxDqQ0FHeu9TsDy1tuoryA6D9W9mRmq23wA\nhD4y8ykse3XbLUN5hmYKapSzyyW0QFmfuJXdTHKBnNUPcF1xoi+/pbiE2P/dL+2m\ncsSf4ycpFkgrKjKLbyQcQbycab2RH3KDGJkBTv392AcWjUlXpTKJahniDulKfMnI\ncdB9S5TGOHXwSt6s3y/TTMqNP/tUJKKrkeFcPipU8QJx38K/tLCZmBt3Vz05EYgH\nV+7yaD0ov+NHn7WTV+4TTynYGR429T05lcOq4HV3MaNUPS2PEBN+It29aiX0Bx6P\ngcgkwQKCAQA95SMoakwJaWq1jwAZeGTrPCwjOr8gQSGYn9l/Niu4GKOIVTigcRHa\neYDBzjrGDmwBG7WudTHRCC4kiJTrZMu1c1a0/hKQgZVlAwxDzwctIvw/H6EqO0lZ\n5XvJ+yZ1S+EZfFwmF3m2vcgUgARyt2p3nEAHYvG+HrhPReUazfT3TSmtn3nAv8S2\nPHWBS2s3sj+wCl1LXoqxakwfkJsreb5yDrHdz0S7kWYtkWdlTpcGf57YftZop/7C\nWWN2USl662IV+trKONCL3b2aWzW9QMwaShpm2CvR3tHFpspNneitRRQKl7cRHBsh\nl1BVRUd8scH0MxzK102zhcdSGtruXjJNAoIBAQDtidlBiptWnX6lmGYxUC/GMrTJ\nhJX3Ko8pgDDVipilkOKYf1lCns+C6aeJS4gos3MpC7or+SAw3IPMrB496g/T4Hi6\n8OaQIEbFHgFaKkHDFWGLAztOlodup/UpYPpgaziZ8F2eyHCHPM5CodoPh5iAWCt8\n2ijSS8R8/fJtayOrrIEw4sIWC9PPWP1fN2OEn0JF8zYjvAJqQ/MOfHtjLxLZhFw1\nFoQ1a2vee/JJk8fEyzRpUA9PXIm4kAazyzmS7H1MFieyVIiAHty5xEr0Lm2Q4K/8\ncAEUNbdaaeXrFcP8582RHhk6VZWy0ha/7tdz0dzx1MYQNd0uE1k69X63zDT1\n-----END RSA PRIVATE KEY-----\n",
            "private_key_pem_pkcs8": "-----BEGIN PRIVATE KEY-----\nMIIJQwIBADANBgkqhkiG9w0BAQEFAASCCS0wggkpAgEAAoICAQDLqg3XBxkk8Qho\naJx5Bc4mPlP1qcBPyRwiFn8cw7QAtYkR2JFrTyU8U4jIZchRAGlk6kkps6NAI6YQ\nY7zBwmxN/gSCaEwEzyTcN80iH7tm0QupOaDDmg7+zFG49ejEv0zsoqqU94lujEr8\nc6gkKNLqgVFL/SOgLkMgUjwBP0g4a80kmRyQZHW+GFDf4MFyUMlN9XkamxRVbdsF\nS/SrHNo60KGYHW5UjkRZ8ZeuNwzuGjFIbJMyY+PTfGCeMhI/XwLUdqIjpzR2xnDh\njCZXs6wNJaU248tMgNs2kvlBi90N0kdf8Wp+/h4PDrjs9Gr4N65h99lrya386KU9\n91mymaVHga4TowMn+kk8KCAiZxmmePj4TIcRqeBOXs6D92bQDULFv6QhLapI19pX\nuVnTYufs5j59vGohqMEBDAOT0qINaeBpEW0kWGL6pz6AHjiPxY34RG0qfpbXOD9a\nfZCfYggrpkbutoMPE5kYT2Dq5g08mEtU+72odLKfKds2pZxGZDOnW6LSS+JiKal4\na9d7Uk2iebQAmm+HFcw9O/cBo6O2r0WP+peKVG+K6dg1yZwpdrYpiAVxO/DdWwAI\ncxMh2q09Yqg4W3axtwF2Aeuy6Z1i5OD4C91fmop5kVE5Yf+zjftXgJUzE8Vk0tCu\nQmEZhkYg3cVtbQ2C/MrJbjMeVsHLwwIDAQABAoICAAmnYWmQZhI4tKfSUZxw+IEa\nkjtCVSHTDBjXjSXtZuJjuIAWjmoSQdcWtJSfMnwYc2Z7roUiBTp8lhoPyDo8/4pA\n4LDXxcaylPI1WO1lqKnqfc2DNEohStWsFLGaQnLVCI3s9f4Cr8qELufBibZRExJX\nl+VstdwZZUgqbbq3Z7J49avm8BIuGOCuYWMDUdgb2TbvTFLFCBU2lFuvaoUT5IpG\nKmq99mVeqwHCcGirJltA9ZYTw3RvhLSZIDFPeUr0s3sjtnLPMa7xoBco4AZnN2AW\nKTstWA0jzIBNPjBrs0o87fIvzNcBL6aSEZT1zv4+EW+GYpF36V3kHzUNPPy4yLtB\nyQmF8ty71Lok8OhQ6ipD4binoyF8hBBkV4knUV38whiC+Nses+oKOiMMqMhkS0QK\nV+TkMM6qwpuTAFQ8i+pgBmTL0QTuUqBP9dgkB4U6t80Qbu5XM0r49z1fDX2tOTik\ns9Wc16hsbp558r2ICZhNNRFTquo2uWpGfZWA6aHAK1xyjWq5vT2XAEG0H2txPIsU\nvVPq7hhepSAHDbOEGYLo7RIdcSSsPs3wLY/hQy8e1bIpXgTjYAaTZPvNxa8Q0GCC\nuO0WKCrawz5GdvhI6HwBFhIxVhSPq0tcQeZvVe7YZpG5WsEK1mEgKpPjPa8WdMwt\neoFnHuFQcMJY9thwD8NVAoIBAQD0pfn5/rOgK+JKfrfSM+OrUopWXOiNxXgnInWv\nABqYu716dBL5+sauBnE/F5ZUivrVgkhbKPpD1bTgXwku7v2n1T75eRa2dnHnnCy9\nE3V1SDTFOV7q3q1e6As8abA/96KPZU56WDKeixVy3TXYrXIdj/W0RVnGsUd7aCRQ\nn7BBDkz4Tbral5ayyvLzwVWGWoXCfT0swDiaUC97SBYEYAFN3+hCrpNcHHayokeI\nQQ5fYy/SHsea+0pDdt5okG5X8zdGOhjeYS6Vp3wjQ8TK/hBp/1fqT8884jCw5IFF\n2F2+3zz8WKhzwbX5PlPGPLP5QAmvgIrwCm6p2X/zKCNofe+9AoIBAQDVHUDtwUbt\n6pb/npfhIFaOht1D2gzKZK6Lu+tvtUJx16VqnJ7IGWx6fY4nNJiFwlIk2R1ExCck\nNNGph1l+UKG/lyYe5Au1fbnGLC+K3wjn5oSkPrueytCJ7HClk9EziyDO+3ncDrz4\nU7HOxpU4TFsfGuvY+3gekFH2PQM13dW7OGu983ThVBRqpPFPSNK3ePUi+D57u/kB\ncGD4SivLBVMyWANlZgJZ+s4WiTL06tWzv9Yld2QV0hofsHTYp6Ifbg7rpmHR8XU1\niIiKtBCTfubkBw6Qstynq+h/FFyzQmQpZQY1lHqr7cP71iuxNPmLOGO3AoPVH7iz\nhLtuqnKNqqF/AoIBAQDQJqeZXGvYS34tg8NCxYNfsMqi0EnM1cZ1BYy7aIs4iAOe\nvEOpDQUd671OwPLW26ivIDoP1b2ZGarbfACEPjLzKSx7ddstQ3mGZgpqlLPLJbRA\nWZ+4ld1McoGc1Q9wXXGiL7+luITY/90v7aZyxJ/jJykWSCsqMotvJBxBvJxpvZEf\ncoMYmQFO/f3YBxaNSVelMolqGeIO6Up8ychx0H1LlMY4dfBK3qzfL9NMyo0/+1Qk\noquR4Vw+KlTxAnHfwr+0sJmYG3dXPTkRiAdX7vJoPSi/40eftZNX7hNPKdgZHjb1\nPTmVw6rgdXcxo1Q9LY8QE34i3b1qJfQHHo+ByCTBAoIBAD3lIyhqTAlparWPABl4\nZOs8LCM6vyBBIZif2X82K7gYo4hVOKBxEdp5gMHOOsYObAEbta51MdEILiSIlOtk\ny7VzVrT+EpCBlWUDDEPPBy0i/D8foSo7SVnle8n7JnVL4Rl8XCYXeba9yBSABHK3\nanecQAdi8b4euE9F5RrN9PdNKa2fecC/xLY8dYFLazeyP7AKXUteirFqTB+Qmyt5\nvnIOsd3PRLuRZi2RZ2VOlwZ/nth+1min/sJZY3ZRKXrrYhX62so40IvdvZpbNb1A\nzBpKGmbYK9He0cWmyk2d6K1FFAqXtxEcGyGXUFVFR3yxwfQzHMrXTbOFx1Ia2u5e\nMk0CggEBAO2J2UGKm1adfqWYZjFQL8YytMmElfcqjymAMNWKmKWQ4ph/WUKez4Lp\np4lLiCizcykLuiv5IDDcg8ysHj3qD9PgeLrw5pAgRsUeAVoqQcMVYYsDO06Wh26n\n9Slg+mBrOJnwXZ7IcIc8zkKh2g+HmIBYK3zaKNJLxHz98m1rI6usgTDiwhYL089Y\n/V83Y4SfQkXzNiO8AmpD8w58e2MvEtmEXDUWhDVra9578kmTx8TLNGlQD09cibiQ\nBrPLOZLsfUwWJ7JUiIAe3LnESvQubZDgr/xwARQ1t1pp5esVw/znzZEeGTpVlbLS\nFr/u13PR3PHUxhA13S4TWTr1frfMNPU=\n-----END PRIVATE KEY-----\n",
            "public_key_fingerprint_md5": "33:2e:f4:7b:9e:6a:1f:8b:86:f3:0d:ba:6b:32:22:77",
            "public_key_fingerprint_sha256": "SHA256:L5dN+/rThwSsG314ejlIK3FwcoXQwXnXa0gjuKATFeQ",
            "public_key_openssh": "ssh-rsa AAAAB3NzaC1yc2EAAAADAQABAAACAQDLqg3XBxkk8QhoaJx5Bc4mPlP1qcBPyRwiFn8cw7QAtYkR2JFrTyU8U4jIZchRAGlk6kkps6NAI6YQY7zBwmxN/gSCaEwEzyTcN80iH7tm0QupOaDDmg7+zFG49ejEv0zsoqqU94lujEr8c6gkKNLqgVFL/SOgLkMgUjwBP0g4a80kmRyQZHW+GFDf4MFyUMlN9XkamxRVbdsFS/SrHNo60KGYHW5UjkRZ8ZeuNwzuGjFIbJMyY+PTfGCeMhI/XwLUdqIjpzR2xnDhjCZXs6wNJaU248tMgNs2kvlBi90N0kdf8Wp+/h4PDrjs9Gr4N65h99lrya386KU991mymaVHga4TowMn+kk8KCAiZxmmePj4TIcRqeBOXs6D92bQDULFv6QhLapI19pXuVnTYufs5j59vGohqMEBDAOT0qINaeBpEW0kWGL6pz6AHjiPxY34RG0qfpbXOD9afZCfYggrpkbutoMPE5kYT2Dq5g08mEtU+72odLKfKds2pZxGZDOnW6LSS+JiKal4a9d7Uk2iebQAmm+HFcw9O/cBo6O2r0WP+peKVG+K6dg1yZwpdrYpiAVxO/DdWwAIcxMh2q09Yqg4W3axtwF2Aeuy6Z1i5OD4C91fmop5kVE5Yf+zjftXgJUzE8Vk0tCuQmEZhkYg3cVtbQ2C/MrJbjMeVsHLww==\n",
            "public_key_pem": "-----BEGIN PUBLIC KEY-----\nMIICIjANBgkqhkiG9w0BAQEFAAOCAg8AMIICCgKCAgEAy6oN1wcZJPEIaGiceQXO\nJj5T9anAT8kcIhZ/HMO0ALWJEdiRa08lPFOIyGXIUQBpZOpJKbOjQCOmEGO8wcJs\nTf4EgmhMBM8k3DfNIh+7ZtELqTmgw5oO/sxRuPXoxL9M7KKqlPeJboxK/HOoJCjS\n6oFRS/0joC5DIFI8AT9IOGvNJJkckGR1vhhQ3+DBclDJTfV5GpsUVW3bBUv0qxza\nOtChmB1uVI5EWfGXrjcM7hoxSGyTMmPj03xgnjISP18C1HaiI6c0dsZw4YwmV7Os\nDSWlNuPLTIDbNpL5QYvdDdJHX/Fqfv4eDw647PRq+DeuYffZa8mt/OilPfdZspml\nR4GuE6MDJ/pJPCggImcZpnj4+EyHEangTl7Og/dm0A1Cxb+kIS2qSNfaV7lZ02Ln\n7OY+fbxqIajBAQwDk9KiDWngaRFtJFhi+qc+gB44j8WN+ERtKn6W1zg/Wn2Qn2II\nK6ZG7raDDxOZGE9g6uYNPJhLVPu9qHSynynbNqWcRmQzp1ui0kviYimpeGvXe1JN\nonm0AJpvhxXMPTv3AaOjtq9Fj/qXilRviunYNcmcKXa2KYgFcTvw3VsACHMTIdqt\nPWKoOFt2sbcBdgHrsumdYuTg+AvdX5qKeZFROWH/s437V4CVMxPFZNLQrkJhGYZG\nIN3FbW0NgvzKyW4zHlbBy8MCAwEAAQ==\n-----END PUBLIC KEY-----\n",
            "rsa_bits": 4096
          },
          "sensitive_attributes": [
            [
              {
                "type": "get_attr",
                "value": "private_key_openssh"
              }
            ],
            [
              {
                "type": "get_attr",
                "value": "private_key_pem"
              }
            ],
            [
              {
                "type": "get_attr",
                "value": "private_key_pem_pkcs8"
              }
            ]
          ],
          "identity_schema_version": 0
        }
      ]
    }
  ],
  "check_results": null
}
